
Microsoft Visual Studio Solution File, Format Version 12.00
# Visual Studio Version 16
VisualStudioVersion = 16.0.29613.14
MinimumVisualStudioVersion = 10.0.40219.1
Project("{FAE04EC0-301F-11D3-BF4B-00C04F79EFBC}") = "Kodmark_Azerice", "Kodmark_Azerice\Kodmark_Azerice.csproj", "{E1517B38-C6C4-44C0-B928-4E1DFEFDE963}"
EndProject
Global
	GlobalSection(SolutionConfigurationPlatforms) = preSolution
		Debug|Any CPU = Debug|Any CPU
		Release|Any CPU = Release|Any CPU
	EndGlobalSection
	GlobalSection(ProjectConfigurationPlatforms) = postSolution
		{E1517B38-C6C4-44C0-B928-4E1DFEFDE963}.Debug|Any CPU.ActiveCfg = Debug|Any CPU
		{E1517B38-C6C4-44C0-B928-4E1DFEFDE963}.Debug|Any CPU.Build.0 = Debug|Any CPU
		{E1517B38-C6C4-44C0-B928-4E1DFEFDE963}.Release|Any CPU.ActiveCfg = Release|Any CPU
		{E1517B38-C6C4-44C0-B928-4E1DFEFDE963}.Release|Any CPU.Build.0 = Release|Any CPU
	EndGlobalSection
	GlobalSection(SolutionProperties) = preSolution
		HideSolutionNode = FALSE
	EndGlobalSection
	GlobalSection(ExtensibilityGlobals) = postSolution
		SolutionGuid = {04801E81-D5DF-4104-BFD4-14D431070E80}
	EndGlobalSection
EndGlobal
